
Microsoft Visual Studio Solution File, Format Version 12.00
# Visual Studio Version 16
VisualStudioVersion = 25.0.1705.4
MinimumVisualStudioVersion = 10.0.40219.1
Project("{FAE04EC0-301F-11D3-BF4B-00C04F79EFBC}") = "TimeTracker", "TimeTracker.csproj", "{50B8FD46-0CB7-40A1-AC5C-0FBCF887BB69}"
EndProject
Global
	GlobalSection(SolutionConfigurationPlatforms) = preSolution
		Debug|Any CPU = Debug|Any CPU
		Release|Any CPU = Release|Any CPU
	EndGlobalSection
	GlobalSection(ProjectConfigurationPlatforms) = postSolution
		{50B8FD46-0CB7-40A1-AC5C-0FBCF887BB69}.Debug|Any CPU.ActiveCfg = Debug|Any CPU
		{50B8FD46-0CB7-40A1-AC5C-0FBCF887BB69}.Debug|Any CPU.Build.0 = Debug|Any CPU
		{50B8FD46-0CB7-40A1-AC5C-0FBCF887BB69}.Release|Any CPU.ActiveCfg = Release|Any CPU
		{50B8FD46-0CB7-40A1-AC5C-0FBCF887BB69}.Release|Any CPU.Build.0 = Release|Any CPU
	EndGlobalSection
	GlobalSection(SolutionProperties) = preSolution
		HideSolutionNode = FALSE
	EndGlobalSection
	GlobalSection(ExtensibilityGlobals) = postSolution
		SolutionGuid = {D2A56270-E3B0-49EA-A293-3FEF436B6B86}
	EndGlobalSection
EndGlobal
